
Microsoft Visual Studio Solution File, Format Version 12.00
# Visual Studio Version 17
VisualStudioVersion = 17.14.36408.4 d17.14
MinimumVisualStudioVersion = 10.0.40219.1
Project("{FAE04EC0-301F-11D3-BF4B-00C04F79EFBC}") = "ConsoleApp3", "ConsoleApp3\ConsoleApp3.csproj", "{ED8D5B0F-39D3-45F8-86AE-D0DF6D318CB3}"
EndProject
Global
	GlobalSection(SolutionConfigurationPlatforms) = preSolution
		Debug|Any CPU = Debug|Any CPU
		Release|Any CPU = Release|Any CPU
	EndGlobalSection
	GlobalSection(ProjectConfigurationPlatforms) = postSolution
		{ED8D5B0F-39D3-45F8-86AE-D0DF6D318CB3}.Debug|Any CPU.ActiveCfg = Debug|Any CPU
		{ED8D5B0F-39D3-45F8-86AE-D0DF6D318CB3}.Debug|Any CPU.Build.0 = Debug|Any CPU
		{ED8D5B0F-39D3-45F8-86AE-D0DF6D318CB3}.Release|Any CPU.ActiveCfg = Release|Any CPU
		{ED8D5B0F-39D3-45F8-86AE-D0DF6D318CB3}.Release|Any CPU.Build.0 = Release|Any CPU
	EndGlobalSection
	GlobalSection(SolutionProperties) = preSolution
		HideSolutionNode = FALSE
	EndGlobalSection
	GlobalSection(ExtensibilityGlobals) = postSolution
		SolutionGuid = {E04DC46D-5ACB-4849-9DE3-482016E250C6}
	EndGlobalSection
EndGlobal
